Microsoft Visual Studio Solution File, Format Version 9.00
# Visual Studio 2005
Project("{F184B08F-C81C-45F6-A57F-5ABD9991F28F}") = "ReorderNodes", "ReorderNodes\ReorderNodes.vbproj", "{EEA8BDC5-FF50-4F3D-946C-940BD3ED71B0}"
	ProjectSection(WebsiteProperties) = preProject
		Debug.AspNetCompiler.Debug = "True"
		Release.AspNetCompiler.Debug = "False"
	EndProjectSection
EndProject
Global
	GlobalSection(SolutionConfigurationPlatforms) = preSolution
		Debug|Any CPU = Debug|Any CPU
		Release|Any CPU = Release|Any CPU
	EndGlobalSection
	GlobalSection(ProjectConfigurationPlatforms) = postSolution
		{EEA8BDC5-FF50-4F3D-946C-940BD3ED71B0}.Debug|Any CPU.ActiveCfg = Debug|Any CPU
		{EEA8BDC5-FF50-4F3D-946C-940BD3ED71B0}.Debug|Any CPU.Build.0 = Debug|Any CPU
		{EEA8BDC5-FF50-4F3D-946C-940BD3ED71B0}.Release|Any CPU.ActiveCfg = Release|Any CPU
		{EEA8BDC5-FF50-4F3D-946C-940BD3ED71B0}.Release|Any CPU.Build.0 = Release|Any CPU
	EndGlobalSection
	GlobalSection(SolutionProperties) = preSolution
		HideSolutionNode = FALSE
	EndGlobalSection
EndGlobal
